
Microsoft Visual Studio Solution File, Format Version 12.00
# Visual Studio Version 17
VisualStudioVersion = 17.4.33110.190
MinimumVisualStudioVersion = 10.0.40219.1
Project("{FAE04EC0-301F-11D3-BF4B-00C04F79EFBC}") = "NFTure.Web", "NFTure\NFTure.Web.csproj", "{E45114B8-8FAE-4F7A-8612-12033D3FDA66}"
EndProject
Project("{FAE04EC0-301F-11D3-BF4B-00C04F79EFBC}") = "NFTure.Application", "NFTure.Application\NFTure.Application.csproj", "{CCA36D46-1B57-4176-B44C-D89B1087FC6A}"
EndProject
Project("{FAE04EC0-301F-11D3-BF4B-00C04F79EFBC}") = "NFTure.Core", "NFTure.Core\NFTure.Core.csproj", "{DC7156F4-E1E3-429C-8754-61BD8D0D5938}"
EndProject
Project("{FAE04EC0-301F-11D3-BF4B-00C04F79EFBC}") = "NFTure.Infrastructure", "NFTure.Infrastructure\NFTure.Infrastructure.csproj", "{EF97B0E0-0EBE-4AE6-9EDC-B23EAFD7A521}"
EndProject
Project("{FAE04EC0-301F-11D3-BF4B-00C04F79EFBC}") = "NFTure.Tests", "NFTure.Tests\NFTure.Tests.csproj", "{2ACE8F74-062B-4FD9-8CEA-9FF3B44C1BD8}"
EndProject
Global
	GlobalSection(SolutionConfigurationPlatforms) = preSolution
		Debug|Any CPU = Debug|Any CPU
		Release|Any CPU = Release|Any CPU
	EndGlobalSection
	GlobalSection(ProjectConfigurationPlatforms) = postSolution
		{E45114B8-8FAE-4F7A-8612-12033D3FDA66}.Debug|Any CPU.ActiveCfg = Debug|Any CPU
		{E45114B8-8FAE-4F7A-8612-12033D3FDA66}.Debug|Any CPU.Build.0 = Debug|Any CPU
		{E45114B8-8FAE-4F7A-8612-12033D3FDA66}.Release|Any CPU.ActiveCfg = Release|Any CPU
		{E45114B8-8FAE-4F7A-8612-12033D3FDA66}.Release|Any CPU.Build.0 = Release|Any CPU
		{CCA36D46-1B57-4176-B44C-D89B1087FC6A}.Debug|Any CPU.ActiveCfg = Debug|Any CPU
		{CCA36D46-1B57-4176-B44C-D89B1087FC6A}.Debug|Any CPU.Build.0 = Debug|Any CPU
		{CCA36D46-1B57-4176-B44C-D89B1087FC6A}.Release|Any CPU.ActiveCfg = Release|Any CPU
		{CCA36D46-1B57-4176-B44C-D89B1087FC6A}.Release|Any CPU.Build.0 = Release|Any CPU
		{DC7156F4-E1E3-429C-8754-61BD8D0D5938}.Debug|Any CPU.ActiveCfg = Debug|Any CPU
		{DC7156F4-E1E3-429C-8754-61BD8D0D5938}.Debug|Any CPU.Build.0 = Debug|Any CPU
		{DC7156F4-E1E3-429C-8754-61BD8D0D5938}.Release|Any CPU.ActiveCfg = Release|Any CPU
		{DC7156F4-E1E3-429C-8754-61BD8D0D5938}.Release|Any CPU.Build.0 = Release|Any CPU
		{EF97B0E0-0EBE-4AE6-9EDC-B23EAFD7A521}.Debug|Any CPU.ActiveCfg = Debug|Any CPU
		{EF97B0E0-0EBE-4AE6-9EDC-B23EAFD7A521}.Debug|Any CPU.Build.0 = Debug|Any CPU
		{EF97B0E0-0EBE-4AE6-9EDC-B23EAFD7A521}.Release|Any CPU.ActiveCfg = Release|Any CPU
		{EF97B0E0-0EBE-4AE6-9EDC-B23EAFD7A521}.Release|Any CPU.Build.0 = Release|Any CPU
		{2ACE8F74-062B-4FD9-8CEA-9FF3B44C1BD8}.Debug|Any CPU.ActiveCfg = Debug|Any CPU
		{2ACE8F74-062B-4FD9-8CEA-9FF3B44C1BD8}.Debug|Any CPU.Build.0 = Debug|Any CPU
		{2ACE8F74-062B-4FD9-8CEA-9FF3B44C1BD8}.Release|Any CPU.ActiveCfg = Release|Any CPU
		{2ACE8F74-062B-4FD9-8CEA-9FF3B44C1BD8}.Release|Any CPU.Build.0 = Release|Any CPU
	EndGlobalSection
	GlobalSection(SolutionProperties) = preSolution
		HideSolutionNode = FALSE
	EndGlobalSection
	GlobalSection(ExtensibilityGlobals) = postSolution
		SolutionGuid = {0B1CE076-6E7E-4079-A651-8DC0351133D2}
	EndGlobalSection
EndGlobal
